
Microsoft Visual Studio Solution File, Format Version 12.00
# Visual Studio Version 16
VisualStudioVersion = 16.0.31205.134
MinimumVisualStudioVersion = 10.0.40219.1
Project("{FAE04EC0-301F-11D3-BF4B-00C04F79EFBC}") = "Crypto-Portfolio-Tracker.Android", "Crypto-Portfolio-Tracker.Android\Crypto-Portfolio-Tracker.Android.csproj", "{C85D550E-58D3-4197-B129-97B268EAEC85}"
EndProject
Project("{FAE04EC0-301F-11D3-BF4B-00C04F79EFBC}") = "Crypto-Portfolio-Tracker.iOS", "Crypto-Portfolio-Tracker.iOS\Crypto-Portfolio-Tracker.iOS.csproj", "{D33E83C5-24D4-4990-995F-8CC68353568D}"
EndProject
Project("{FAE04EC0-301F-11D3-BF4B-00C04F79EFBC}") = "Crypto-Portfolio-Tracker", "Crypto-Portfolio-Tracker\Crypto-Portfolio-Tracker.csproj", "{AB3BD93D-CAE2-4D00-BFC2-DFC05ABE851B}"
EndProject
Global
	GlobalSection(SolutionConfigurationPlatforms) = preSolution
		Debug|Any CPU = Debug|Any CPU
		Debug|iPhone = Debug|iPhone
		Debug|iPhoneSimulator = Debug|iPhoneSimulator
		Release|Any CPU = Release|Any CPU
		Release|iPhone = Release|iPhone
		Release|iPhoneSimulator = Release|iPhoneSimulator
	EndGlobalSection
	GlobalSection(ProjectConfigurationPlatforms) = postSolution
		{C85D550E-58D3-4197-B129-97B268EAEC85}.Debug|Any CPU.ActiveCfg = Debug|Any CPU
		{C85D550E-58D3-4197-B129-97B268EAEC85}.Debug|Any CPU.Build.0 = Debug|Any CPU
		{C85D550E-58D3-4197-B129-97B268EAEC85}.Debug|Any CPU.Deploy.0 = Debug|Any CPU
		{C85D550E-58D3-4197-B129-97B268EAEC85}.Debug|iPhone.ActiveCfg = Debug|Any CPU
		{C85D550E-58D3-4197-B129-97B268EAEC85}.Debug|iPhone.Build.0 = Debug|Any CPU
		{C85D550E-58D3-4197-B129-97B268EAEC85}.Debug|iPhone.Deploy.0 = Debug|Any CPU
		{C85D550E-58D3-4197-B129-97B268EAEC85}.Debug|iPhoneSimulator.ActiveCfg = Debug|Any CPU
		{C85D550E-58D3-4197-B129-97B268EAEC85}.Debug|iPhoneSimulator.Build.0 = Debug|Any CPU
		{C85D550E-58D3-4197-B129-97B268EAEC85}.Debug|iPhoneSimulator.Deploy.0 = Debug|Any CPU
		{C85D550E-58D3-4197-B129-97B268EAEC85}.Release|Any CPU.ActiveCfg = Release|Any CPU
		{C85D550E-58D3-4197-B129-97B268EAEC85}.Release|Any CPU.Build.0 = Release|Any CPU
		{C85D550E-58D3-4197-B129-97B268EAEC85}.Release|Any CPU.Deploy.0 = Release|Any CPU
		{C85D550E-58D3-4197-B129-97B268EAEC85}.Release|iPhone.ActiveCfg = Release|Any CPU
		{C85D550E-58D3-4197-B129-97B268EAEC85}.Release|iPhone.Build.0 = Release|Any CPU
		{C85D550E-58D3-4197-B129-97B268EAEC85}.Release|iPhone.Deploy.0 = Release|Any CPU
		{C85D550E-58D3-4197-B129-97B268EAEC85}.Release|iPhoneSimulator.ActiveCfg = Release|Any CPU
		{C85D550E-58D3-4197-B129-97B268EAEC85}.Release|iPhoneSimulator.Build.0 = Release|Any CPU
		{C85D550E-58D3-4197-B129-97B268EAEC85}.Release|iPhoneSimulator.Deploy.0 = Release|Any CPU
		{D33E83C5-24D4-4990-995F-8CC68353568D}.Debug|Any CPU.ActiveCfg = Debug|iPhone
		{D33E83C5-24D4-4990-995F-8CC68353568D}.Debug|Any CPU.Build.0 = Debug|iPhone
		{D33E83C5-24D4-4990-995F-8CC68353568D}.Debug|Any CPU.Deploy.0 = Debug|iPhone
		{D33E83C5-24D4-4990-995F-8CC68353568D}.Debug|iPhone.ActiveCfg = Debug|iPhone
		{D33E83C5-24D4-4990-995F-8CC68353568D}.Debug|iPhone.Build.0 = Debug|iPhone
		{D33E83C5-24D4-4990-995F-8CC68353568D}.Debug|iPhone.Deploy.0 = Debug|iPhone
		{D33E83C5-24D4-4990-995F-8CC68353568D}.Debug|iPhoneSimulator.ActiveCfg = Debug|iPhoneSimulator
		{D33E83C5-24D4-4990-995F-8CC68353568D}.Debug|iPhoneSimulator.Build.0 = Debug|iPhoneSimulator
		{D33E83C5-24D4-4990-995F-8CC68353568D}.Debug|iPhoneSimulator.Deploy.0 = Debug|iPhoneSimulator
		{D33E83C5-24D4-4990-995F-8CC68353568D}.Release|Any CPU.ActiveCfg = Release|iPhoneSimulator
		{D33E83C5-24D4-4990-995F-8CC68353568D}.Release|Any CPU.Build.0 = Release|iPhoneSimulator
		{D33E83C5-24D4-4990-995F-8CC68353568D}.Release|Any CPU.Deploy.0 = Release|iPhoneSimulator
		{D33E83C5-24D4-4990-995F-8CC68353568D}.Release|iPhone.ActiveCfg = Release|iPhone
		{D33E83C5-24D4-4990-995F-8CC68353568D}.Release|iPhone.Build.0 = Release|iPhone
		{D33E83C5-24D4-4990-995F-8CC68353568D}.Release|iPhone.Deploy.0 = Release|iPhone
		{D33E83C5-24D4-4990-995F-8CC68353568D}.Release|iPhoneSimulator.ActiveCfg = Release|iPhoneSimulator
		{D33E83C5-24D4-4990-995F-8CC68353568D}.Release|iPhoneSimulator.Build.0 = Release|iPhoneSimulator
		{D33E83C5-24D4-4990-995F-8CC68353568D}.Release|iPhoneSimulator.Deploy.0 = Release|iPhoneSimulator
		{AB3BD93D-CAE2-4D00-BFC2-DFC05ABE851B}.Debug|Any CPU.ActiveCfg = Debug|Any CPU
		{AB3BD93D-CAE2-4D00-BFC2-DFC05ABE851B}.Debug|Any CPU.Build.0 = Debug|Any CPU
		{AB3BD93D-CAE2-4D00-BFC2-DFC05ABE851B}.Debug|Any CPU.Deploy.0 = Debug|Any CPU
		{AB3BD93D-CAE2-4D00-BFC2-DFC05ABE851B}.Debug|iPhone.ActiveCfg = Debug|Any CPU
		{AB3BD93D-CAE2-4D00-BFC2-DFC05ABE851B}.Debug|iPhone.Build.0 = Debug|Any CPU
		{AB3BD93D-CAE2-4D00-BFC2-DFC05ABE851B}.Debug|iPhone.Deploy.0 = Debug|Any CPU
		{AB3BD93D-CAE2-4D00-BFC2-DFC05ABE851B}.Debug|iPhoneSimulator.ActiveCfg = Debug|Any CPU
		{AB3BD93D-CAE2-4D00-BFC2-DFC05ABE851B}.Debug|iPhoneSimulator.Build.0 = Debug|Any CPU
		{AB3BD93D-CAE2-4D00-BFC2-DFC05ABE851B}.Debug|iPhoneSimulator.Deploy.0 = Debug|Any CPU
		{AB3BD93D-CAE2-4D00-BFC2-DFC05ABE851B}.Release|Any CPU.ActiveCfg = Release|Any CPU
		{AB3BD93D-CAE2-4D00-BFC2-DFC05ABE851B}.Release|Any CPU.Build.0 = Release|Any CPU
		{AB3BD93D-CAE2-4D00-BFC2-DFC05ABE851B}.Release|Any CPU.Deploy.0 = Release|Any CPU
		{AB3BD93D-CAE2-4D00-BFC2-DFC05ABE851B}.Release|iPhone.ActiveCfg = Release|Any CPU
		{AB3BD93D-CAE2-4D00-BFC2-DFC05ABE851B}.Release|iPhone.Build.0 = Release|Any CPU
		{AB3BD93D-CAE2-4D00-BFC2-DFC05ABE851B}.Release|iPhone.Deploy.0 = Release|Any CPU
		{AB3BD93D-CAE2-4D00-BFC2-DFC05ABE851B}.Release|iPhoneSimulator.ActiveCfg = Release|Any CPU
		{AB3BD93D-CAE2-4D00-BFC2-DFC05ABE851B}.Release|iPhoneSimulator.Build.0 = Release|Any CPU
		{AB3BD93D-CAE2-4D00-BFC2-DFC05ABE851B}.Release|iPhoneSimulator.Deploy.0 = Release|Any CPU
	EndGlobalSection
	GlobalSection(SolutionProperties) = preSolution
		HideSolutionNode = FALSE
	EndGlobalSection
	GlobalSection(ExtensibilityGlobals) = postSolution
		SolutionGuid = {40022A17-4CDE-4C5F-B15E-40FD00535C50}
	EndGlobalSection
EndGlobal
